
Microsoft Visual Studio Solution File, Format Version 9.00
# Visual Studio 2005
Project("{FAE04EC0-301F-11D3-BF4B-00C04F79EFBC}") = "Quiz", "Quiz\Quiz.csproj", "{7274490E-30BC-4A22-8715-92376C46EE52}"
	ProjectSection(WebsiteProperties) = preProject
		Debug.AspNetCompiler.Debug = "True"
		Release.AspNetCompiler.Debug = "False"
	EndProjectSection
EndProject
Project("{54435603-DBB4-11D2-8724-00A0C9A8B90C}") = "QuizSetup", "QuizSetup\QuizSetup.vdproj", "{160C52AD-568C-479B-9607-C89D5525DE91}"
	ProjectSection(WebsiteProperties) = preProject
		Debug.AspNetCompiler.Debug = "True"
		Release.AspNetCompiler.Debug = "False"
	EndProjectSection
EndProject
Global
	GlobalSection(SolutionConfigurationPlatforms) = preSolution
		Debug|Any CPU = Debug|Any CPU
		Release|Any CPU = Release|Any CPU
	EndGlobalSection
	GlobalSection(ProjectConfigurationPlatforms) = postSolution
		{7274490E-30BC-4A22-8715-92376C46EE52}.Debug|Any CPU.ActiveCfg = Debug|Any CPU
		{7274490E-30BC-4A22-8715-92376C46EE52}.Debug|Any CPU.Build.0 = Debug|Any CPU
		{7274490E-30BC-4A22-8715-92376C46EE52}.Release|Any CPU.ActiveCfg = Release|Any CPU
		{7274490E-30BC-4A22-8715-92376C46EE52}.Release|Any CPU.Build.0 = Release|Any CPU
		{160C52AD-568C-479B-9607-C89D5525DE91}.Debug|Any CPU.ActiveCfg = Debug
		{160C52AD-568C-479B-9607-C89D5525DE91}.Release|Any CPU.ActiveCfg = Release
	EndGlobalSection
	GlobalSection(SolutionProperties) = preSolution
		HideSolutionNode = FALSE
	EndGlobalSection
EndGlobal
